
Microsoft Visual Studio Solution File, Format Version 12.00
# Visual Studio Version 17
VisualStudioVersion = 17.0.31903.59
MinimumVisualStudioVersion = 10.0.40219.1
Project("{2150E333-8FDC-42A3-9474-1A3956D46DE8}") = "src", "src", "{827E0CD3-B72D-47B6-A68D-7590B98EB39B}"
EndProject
Project("{FAE04EC0-301F-11D3-BF4B-00C04F79EFBC}") = "Common", "src\Common\Common.csproj", "{B6033368-0864-4253-A1A1-359FE6D6AD6F}"
EndProject
Project("{FAE04EC0-301F-11D3-BF4B-00C04F79EFBC}") = "TransactionsService", "src\TransactionsService\TransactionsService.csproj", "{93F5C99E-6791-44BA-8DAF-7B4713F1CF61}"
EndProject
Project("{FAE04EC0-301F-11D3-BF4B-00C04F79EFBC}") = "ConsolidatedService", "src\ConsolidatedService\ConsolidatedService.csproj", "{EA62312C-278B-4FE8-A65C-DDEAFC6282DB}"
EndProject
Global
	GlobalSection(SolutionConfigurationPlatforms) = preSolution
		Debug|Any CPU = Debug|Any CPU
		Debug|x64 = Debug|x64
		Debug|x86 = Debug|x86
		Release|Any CPU = Release|Any CPU
		Release|x64 = Release|x64
		Release|x86 = Release|x86
	EndGlobalSection
	GlobalSection(ProjectConfigurationPlatforms) = postSolution
		{B6033368-0864-4253-A1A1-359FE6D6AD6F}.Debug|Any CPU.ActiveCfg = Debug|Any CPU
		{B6033368-0864-4253-A1A1-359FE6D6AD6F}.Debug|Any CPU.Build.0 = Debug|Any CPU
		{B6033368-0864-4253-A1A1-359FE6D6AD6F}.Debug|x64.ActiveCfg = Debug|Any CPU
		{B6033368-0864-4253-A1A1-359FE6D6AD6F}.Debug|x64.Build.0 = Debug|Any CPU
		{B6033368-0864-4253-A1A1-359FE6D6AD6F}.Debug|x86.ActiveCfg = Debug|Any CPU
		{B6033368-0864-4253-A1A1-359FE6D6AD6F}.Debug|x86.Build.0 = Debug|Any CPU
		{B6033368-0864-4253-A1A1-359FE6D6AD6F}.Release|Any CPU.ActiveCfg = Release|Any CPU
		{B6033368-0864-4253-A1A1-359FE6D6AD6F}.Release|Any CPU.Build.0 = Release|Any CPU
		{B6033368-0864-4253-A1A1-359FE6D6AD6F}.Release|x64.ActiveCfg = Release|Any CPU
		{B6033368-0864-4253-A1A1-359FE6D6AD6F}.Release|x64.Build.0 = Release|Any CPU
		{B6033368-0864-4253-A1A1-359FE6D6AD6F}.Release|x86.ActiveCfg = Release|Any CPU
		{B6033368-0864-4253-A1A1-359FE6D6AD6F}.Release|x86.Build.0 = Release|Any CPU
		{93F5C99E-6791-44BA-8DAF-7B4713F1CF61}.Debug|Any CPU.ActiveCfg = Debug|Any CPU
		{93F5C99E-6791-44BA-8DAF-7B4713F1CF61}.Debug|Any CPU.Build.0 = Debug|Any CPU
		{93F5C99E-6791-44BA-8DAF-7B4713F1CF61}.Debug|x64.ActiveCfg = Debug|Any CPU
		{93F5C99E-6791-44BA-8DAF-7B4713F1CF61}.Debug|x64.Build.0 = Debug|Any CPU
		{93F5C99E-6791-44BA-8DAF-7B4713F1CF61}.Debug|x86.ActiveCfg = Debug|Any CPU
		{93F5C99E-6791-44BA-8DAF-7B4713F1CF61}.Debug|x86.Build.0 = Debug|Any CPU
		{93F5C99E-6791-44BA-8DAF-7B4713F1CF61}.Release|Any CPU.ActiveCfg = Release|Any CPU
		{93F5C99E-6791-44BA-8DAF-7B4713F1CF61}.Release|Any CPU.Build.0 = Release|Any CPU
		{93F5C99E-6791-44BA-8DAF-7B4713F1CF61}.Release|x64.ActiveCfg = Release|Any CPU
		{93F5C99E-6791-44BA-8DAF-7B4713F1CF61}.Release|x64.Build.0 = Release|Any CPU
		{93F5C99E-6791-44BA-8DAF-7B4713F1CF61}.Release|x86.ActiveCfg = Release|Any CPU
		{93F5C99E-6791-44BA-8DAF-7B4713F1CF61}.Release|x86.Build.0 = Release|Any CPU
		{EA62312C-278B-4FE8-A65C-DDEAFC6282DB}.Debug|Any CPU.ActiveCfg = Debug|Any CPU
		{EA62312C-278B-4FE8-A65C-DDEAFC6282DB}.Debug|Any CPU.Build.0 = Debug|Any CPU
		{EA62312C-278B-4FE8-A65C-DDEAFC6282DB}.Debug|x64.ActiveCfg = Debug|Any CPU
		{EA62312C-278B-4FE8-A65C-DDEAFC6282DB}.Debug|x64.Build.0 = Debug|Any CPU
		{EA62312C-278B-4FE8-A65C-DDEAFC6282DB}.Debug|x86.ActiveCfg = Debug|Any CPU
		{EA62312C-278B-4FE8-A65C-DDEAFC6282DB}.Debug|x86.Build.0 = Debug|Any CPU
		{EA62312C-278B-4FE8-A65C-DDEAFC6282DB}.Release|Any CPU.ActiveCfg = Release|Any CPU
		{EA62312C-278B-4FE8-A65C-DDEAFC6282DB}.Release|Any CPU.Build.0 = Release|Any CPU
		{EA62312C-278B-4FE8-A65C-DDEAFC6282DB}.Release|x64.ActiveCfg = Release|Any CPU
		{EA62312C-278B-4FE8-A65C-DDEAFC6282DB}.Release|x64.Build.0 = Release|Any CPU
		{EA62312C-278B-4FE8-A65C-DDEAFC6282DB}.Release|x86.ActiveCfg = Release|Any CPU
		{EA62312C-278B-4FE8-A65C-DDEAFC6282DB}.Release|x86.Build.0 = Release|Any CPU
	EndGlobalSection
	GlobalSection(SolutionProperties) = preSolution
		HideSolutionNode = FALSE
	EndGlobalSection
	GlobalSection(NestedProjects) = preSolution
		{B6033368-0864-4253-A1A1-359FE6D6AD6F} = {827E0CD3-B72D-47B6-A68D-7590B98EB39B}
		{93F5C99E-6791-44BA-8DAF-7B4713F1CF61} = {827E0CD3-B72D-47B6-A68D-7590B98EB39B}
		{EA62312C-278B-4FE8-A65C-DDEAFC6282DB} = {827E0CD3-B72D-47B6-A68D-7590B98EB39B}
	EndGlobalSection
EndGlobal
